
Microsoft Visual Studio Solution File, Format Version 10.00
# Visual C++ Express 2008
Project("{8BC9CEB8-8B4A-11D0-8D11-00A0C91BC942}") = "tocha", "tocha.vcproj", "{0424372A-0487-42FB-80F0-6750AEAFE51C}"
EndProject
Global
	GlobalSection(SolutionConfigurationPlatforms) = preSolution
		Debug|Win32 = Debug|Win32
		Release|Win32 = Release|Win32
	EndGlobalSection
	GlobalSection(ProjectConfigurationPlatforms) = postSolution
		{0424372A-0487-42FB-80F0-6750AEAFE51C}.Debug|Win32.ActiveCfg = Debug|Win32
		{0424372A-0487-42FB-80F0-6750AEAFE51C}.Debug|Win32.Build.0 = Debug|Win32
		{0424372A-0487-42FB-80F0-6750AEAFE51C}.Release|Win32.ActiveCfg = Release|Win32
		{0424372A-0487-42FB-80F0-6750AEAFE51C}.Release|Win32.Build.0 = Release|Win32
	EndGlobalSection
	GlobalSection(SolutionProperties) = preSolution
		HideSolutionNode = FALSE
	EndGlobalSection
EndGlobal
